
Microsoft Visual Studio Solution File, Format Version 12.00
# Visual Studio Version 16
VisualStudioVersion = 16.0.31424.327
MinimumVisualStudioVersion = 10.0.40219.1
Project("{9A19103F-16F7-4668-BE54-9A1E7A4F7556}") = "cms", "cms\cms.csproj", "{E578219C-A807-479C-98D3-586840F60814}"
EndProject
Project("{FAE04EC0-301F-11D3-BF4B-00C04F79EFBC}") = "LoggingService", "LoggingService\LoggingService.csproj", "{5014ABC1-EB74-4D2D-85F6-2FD6FE852B58}"
EndProject
Project("{FAE04EC0-301F-11D3-BF4B-00C04F79EFBC}") = "DataService", "DataService\DataService.csproj", "{199A2AFA-3963-40CF-925A-206C0353100F}"
EndProject
Project("{FAE04EC0-301F-11D3-BF4B-00C04F79EFBC}") = "ModelService", "ModelService\ModelService.csproj", "{6A96DD4A-2155-48EC-BAD7-D19CEE5598E0}"
EndProject
Project("{FAE04EC0-301F-11D3-BF4B-00C04F79EFBC}") = "FunctionalService", "FunctionalService\FunctionalService.csproj", "{C12984C1-37FC-49D1-BE76-9CA11FAE3680}"
EndProject
Global
	GlobalSection(SolutionConfigurationPlatforms) = preSolution
		Debug|Any CPU = Debug|Any CPU
		Release|Any CPU = Release|Any CPU
	EndGlobalSection
	GlobalSection(ProjectConfigurationPlatforms) = postSolution
		{E578219C-A807-479C-98D3-586840F60814}.Debug|Any CPU.ActiveCfg = Debug|Any CPU
		{E578219C-A807-479C-98D3-586840F60814}.Debug|Any CPU.Build.0 = Debug|Any CPU
		{E578219C-A807-479C-98D3-586840F60814}.Release|Any CPU.ActiveCfg = Release|Any CPU
		{E578219C-A807-479C-98D3-586840F60814}.Release|Any CPU.Build.0 = Release|Any CPU
		{5014ABC1-EB74-4D2D-85F6-2FD6FE852B58}.Debug|Any CPU.ActiveCfg = Debug|Any CPU
		{5014ABC1-EB74-4D2D-85F6-2FD6FE852B58}.Debug|Any CPU.Build.0 = Debug|Any CPU
		{5014ABC1-EB74-4D2D-85F6-2FD6FE852B58}.Release|Any CPU.ActiveCfg = Release|Any CPU
		{5014ABC1-EB74-4D2D-85F6-2FD6FE852B58}.Release|Any CPU.Build.0 = Release|Any CPU
		{199A2AFA-3963-40CF-925A-206C0353100F}.Debug|Any CPU.ActiveCfg = Debug|Any CPU
		{199A2AFA-3963-40CF-925A-206C0353100F}.Debug|Any CPU.Build.0 = Debug|Any CPU
		{199A2AFA-3963-40CF-925A-206C0353100F}.Release|Any CPU.ActiveCfg = Release|Any CPU
		{199A2AFA-3963-40CF-925A-206C0353100F}.Release|Any CPU.Build.0 = Release|Any CPU
		{6A96DD4A-2155-48EC-BAD7-D19CEE5598E0}.Debug|Any CPU.ActiveCfg = Debug|Any CPU
		{6A96DD4A-2155-48EC-BAD7-D19CEE5598E0}.Debug|Any CPU.Build.0 = Debug|Any CPU
		{6A96DD4A-2155-48EC-BAD7-D19CEE5598E0}.Release|Any CPU.ActiveCfg = Release|Any CPU
		{6A96DD4A-2155-48EC-BAD7-D19CEE5598E0}.Release|Any CPU.Build.0 = Release|Any CPU
		{C12984C1-37FC-49D1-BE76-9CA11FAE3680}.Debug|Any CPU.ActiveCfg = Debug|Any CPU
		{C12984C1-37FC-49D1-BE76-9CA11FAE3680}.Debug|Any CPU.Build.0 = Debug|Any CPU
		{C12984C1-37FC-49D1-BE76-9CA11FAE3680}.Release|Any CPU.ActiveCfg = Release|Any CPU
		{C12984C1-37FC-49D1-BE76-9CA11FAE3680}.Release|Any CPU.Build.0 = Release|Any CPU
	EndGlobalSection
	GlobalSection(SolutionProperties) = preSolution
		HideSolutionNode = FALSE
	EndGlobalSection
	GlobalSection(ExtensibilityGlobals) = postSolution
		SolutionGuid = {18848785-870B-4D1C-B8B9-EDB823C2CC72}
	EndGlobalSection
EndGlobal
