
Microsoft Visual Studio Solution File, Format Version 12.00
# Visual Studio Version 16
VisualStudioVersion = 16.0.31424.327
MinimumVisualStudioVersion = 10.0.40219.1
Project("{FAE04EC0-301F-11D3-BF4B-00C04F79EFBC}") = "cms", "cms\cms.csproj", "{E578219C-A807-479C-98D3-586840F60814}"
EndProject
Global
	GlobalSection(SolutionConfigurationPlatforms) = preSolution
		Debug|Any CPU = Debug|Any CPU
		Release|Any CPU = Release|Any CPU
	EndGlobalSection
	GlobalSection(ProjectConfigurationPlatforms) = postSolution
		{E578219C-A807-479C-98D3-586840F60814}.Debug|Any CPU.ActiveCfg = Debug|Any CPU
		{E578219C-A807-479C-98D3-586840F60814}.Debug|Any CPU.Build.0 = Debug|Any CPU
		{E578219C-A807-479C-98D3-586840F60814}.Release|Any CPU.ActiveCfg = Release|Any CPU
		{E578219C-A807-479C-98D3-586840F60814}.Release|Any CPU.Build.0 = Release|Any CPU
	EndGlobalSection
	GlobalSection(SolutionProperties) = preSolution
		HideSolutionNode = FALSE
	EndGlobalSection
	GlobalSection(ExtensibilityGlobals) = postSolution
		SolutionGuid = {18848785-870B-4D1C-B8B9-EDB823C2CC72}
	EndGlobalSection
EndGlobal
